
Microsoft Visual Studio Solution File, Format Version 12.00
Project("{FAE04EC0-301F-11D3-BF4B-00C04F79EFBC}") = "CalculatorApp", "CalculatorApp.csproj", "{DF9CCAA9-17E3-4A2F-9A19-42EEC12474D0}"
EndProject
Global
	GlobalSection(SolutionConfigurationPlatforms) = preSolution
		Debug|Any CPU = Debug|Any CPU
		Release|Any CPU = Release|Any CPU
	EndGlobalSection
	GlobalSection(ProjectConfigurationPlatforms) = postSolution
		{DF9CCAA9-17E3-4A2F-9A19-42EEC12474D0}.Debug|Any CPU.ActiveCfg = Debug|Any CPU
		{DF9CCAA9-17E3-4A2F-9A19-42EEC12474D0}.Debug|Any CPU.Build.0 = Debug|Any CPU
		{DF9CCAA9-17E3-4A2F-9A19-42EEC12474D0}.Release|Any CPU.ActiveCfg = Release|Any CPU
		{DF9CCAA9-17E3-4A2F-9A19-42EEC12474D0}.Release|Any CPU.Build.0 = Release|Any CPU
	EndGlobalSection
EndGlobal
